
Microsoft Visual Studio Solution File, Format Version 12.00
# Visual Studio Version 17
VisualStudioVersion = 17.0.31903.59
MinimumVisualStudioVersion = 10.0.40219.1
Project("{FAE04EC0-301F-11D3-BF4B-00C04F79EFBC}") = "EbayStoreManager.Api", "EbayStoreManager.Api\EbayStoreManager.Api.csproj", "{961FE976-A656-4FA4-847E-B3B94A488880}"
EndProject
Project("{FAE04EC0-301F-11D3-BF4B-00C04F79EFBC}") = "EbayStoreManager.Api.Tests", "EbayStoreManager.Api.Tests\EbayStoreManager.Api.Tests.csproj", "{11B628DB-7BAB-41C4-AD35-F41C883E9DCC}"
EndProject
Global
	GlobalSection(SolutionConfigurationPlatforms) = preSolution
		Debug|Any CPU = Debug|Any CPU
		Release|Any CPU = Release|Any CPU
	EndGlobalSection
	GlobalSection(SolutionProperties) = preSolution
		HideSolutionNode = FALSE
	EndGlobalSection
	GlobalSection(ProjectConfigurationPlatforms) = postSolution
		{961FE976-A656-4FA4-847E-B3B94A488880}.Debug|Any CPU.ActiveCfg = Debug|Any CPU
		{961FE976-A656-4FA4-847E-B3B94A488880}.Debug|Any CPU.Build.0 = Debug|Any CPU
		{961FE976-A656-4FA4-847E-B3B94A488880}.Release|Any CPU.ActiveCfg = Release|Any CPU
		{961FE976-A656-4FA4-847E-B3B94A488880}.Release|Any CPU.Build.0 = Release|Any CPU
		{11B628DB-7BAB-41C4-AD35-F41C883E9DCC}.Debug|Any CPU.ActiveCfg = Debug|Any CPU
		{11B628DB-7BAB-41C4-AD35-F41C883E9DCC}.Debug|Any CPU.Build.0 = Debug|Any CPU
		{11B628DB-7BAB-41C4-AD35-F41C883E9DCC}.Release|Any CPU.ActiveCfg = Release|Any CPU
		{11B628DB-7BAB-41C4-AD35-F41C883E9DCC}.Release|Any CPU.Build.0 = Release|Any CPU
	EndGlobalSection
EndGlobal
